
Microsoft Visual Studio Solution File, Format Version 12.00
# Visual Studio Version 16
VisualStudioVersion = 16.0.31729.503
MinimumVisualStudioVersion = 10.0.40219.1
Project("{FAE04EC0-301F-11D3-BF4B-00C04F79EFBC}") = "CPR_progress_monitoring_service", "CPR_progress_monitoring_service\CPR_progress_monitoring_service.csproj", "{2822670B-9B04-4366-BC2C-551C43BA4645}"
EndProject
Global
	GlobalSection(SolutionConfigurationPlatforms) = preSolution
		Debug|Any CPU = Debug|Any CPU
		Release|Any CPU = Release|Any CPU
	EndGlobalSection
	GlobalSection(ProjectConfigurationPlatforms) = postSolution
		{2822670B-9B04-4366-BC2C-551C43BA4645}.Debug|Any CPU.ActiveCfg = Debug|Any CPU
		{2822670B-9B04-4366-BC2C-551C43BA4645}.Debug|Any CPU.Build.0 = Debug|Any CPU
		{2822670B-9B04-4366-BC2C-551C43BA4645}.Release|Any CPU.ActiveCfg = Release|Any CPU
		{2822670B-9B04-4366-BC2C-551C43BA4645}.Release|Any CPU.Build.0 = Release|Any CPU
	EndGlobalSection
	GlobalSection(SolutionProperties) = preSolution
		HideSolutionNode = FALSE
	EndGlobalSection
	GlobalSection(ExtensibilityGlobals) = postSolution
		SolutionGuid = {70D3AA43-18FA-48A7-B407-C340F1B28247}
	EndGlobalSection
EndGlobal
